
Microsoft Visual Studio Solution File, Format Version 12.00
# Visual Studio Version 17
VisualStudioVersion = 17.6.33829.357
MinimumVisualStudioVersion = 10.0.40219.1
Project("{FAE04EC0-301F-11D3-BF4B-00C04F79EFBC}") = "Flashcard", "Flashcard\Flashcard.csproj", "{63C65BC7-D9E4-4DA1-86DA-F4D39F9B546D}"
EndProject
Global
	GlobalSection(SolutionConfigurationPlatforms) = preSolution
		Debug|Any CPU = Debug|Any CPU
		Release|Any CPU = Release|Any CPU
	EndGlobalSection
	GlobalSection(ProjectConfigurationPlatforms) = postSolution
		{63C65BC7-D9E4-4DA1-86DA-F4D39F9B546D}.Debug|Any CPU.ActiveCfg = Debug|Any CPU
		{63C65BC7-D9E4-4DA1-86DA-F4D39F9B546D}.Debug|Any CPU.Build.0 = Debug|Any CPU
		{63C65BC7-D9E4-4DA1-86DA-F4D39F9B546D}.Release|Any CPU.ActiveCfg = Release|Any CPU
		{63C65BC7-D9E4-4DA1-86DA-F4D39F9B546D}.Release|Any CPU.Build.0 = Release|Any CPU
	EndGlobalSection
	GlobalSection(SolutionProperties) = preSolution
		HideSolutionNode = FALSE
	EndGlobalSection
	GlobalSection(ExtensibilityGlobals) = postSolution
		SolutionGuid = {96ABD894-0F3A-42E0-95AC-3AA51C08AE1E}
	EndGlobalSection
EndGlobal
